github.com/JLarky/strike v0.0.0-20230906215451-54476c042a9e h1:aGjn86Vh2cn8SNbAUGSGqjVcKqSOb/uq0teyaZdyTyI=
github.com/JLarky/strike v0.0.0-20230906215451-54476c042a9e/go.mod h1:DVsm1LZ1pFk+JgpLhuS2uoI4AkBVY0FKIeKzszAa4oQ=
github.com/go-chi/chi/v5 v5.0.10 h1:rLz5avzKpjqxrYwXNfmjkrYYXOyLJd37pz53UFHC6vk=
github.com/go-chi/chi/v5 v5.0.10/go.mod h1:DslCQbL2OYiznFReuXYUmQ2hGd1aDpCnlMNITLSKoi8=
